
Microsoft Visual Studio Solution File, Format Version 12.00
# Visual Studio Version 17
VisualStudioVersion = 17.11.35312.102
MinimumVisualStudioVersion = 10.0.40219.1
Project("{FAE04EC0-301F-11D3-BF4B-00C04F79EFBC}") = "NikiShop.ToDo.WebApi", "NikiShop.ToDo.WebApi\NikiShop.ToDo.WebApi.csproj", "{9C01FBA7-8E5F-46BB-B2B4-AF77E75BEC27}"
EndProject
Global
	GlobalSection(SolutionConfigurationPlatforms) = preSolution
		Debug|Any CPU = Debug|Any CPU
		Release|Any CPU = Release|Any CPU
	EndGlobalSection
	GlobalSection(ProjectConfigurationPlatforms) = postSolution
		{9C01FBA7-8E5F-46BB-B2B4-AF77E75BEC27}.Debug|Any CPU.ActiveCfg = Debug|Any CPU
		{9C01FBA7-8E5F-46BB-B2B4-AF77E75BEC27}.Debug|Any CPU.Build.0 = Debug|Any CPU
		{9C01FBA7-8E5F-46BB-B2B4-AF77E75BEC27}.Release|Any CPU.ActiveCfg = Release|Any CPU
		{9C01FBA7-8E5F-46BB-B2B4-AF77E75BEC27}.Release|Any CPU.Build.0 = Release|Any CPU
	EndGlobalSection
	GlobalSection(SolutionProperties) = preSolution
		HideSolutionNode = FALSE
	EndGlobalSection
	GlobalSection(ExtensibilityGlobals) = postSolution
		SolutionGuid = {05834684-966F-4300-B905-374898453777}
	EndGlobalSection
EndGlobal
