
Microsoft Visual Studio Solution File, Format Version 12.00
# Visual Studio Version 17
VisualStudioVersion = 17.11.35327.3
MinimumVisualStudioVersion = 10.0.40219.1
Project("{9A19103F-16F7-4668-BE54-9A1E7A4F7556}") = "HolaCsharp", "HolaCsharp\HolaCsharp.csproj", "{B18D04CB-7F24-4900-8582-EB188AE954E3}"
EndProject
Project("{9A19103F-16F7-4668-BE54-9A1E7A4F7556}") = "DataTypes", "DataTypes\DataTypes.csproj", "{87EE0068-CEAA-4F02-A0DB-5FC9665CF8BB}"
EndProject
Project("{9A19103F-16F7-4668-BE54-9A1E7A4F7556}") = "ReferenceThis", "ReferenceThis\ReferenceThis.csproj", "{56AA3D83-EE89-4509-B29C-5E1DD8577069}"
EndProject
Project("{9A19103F-16F7-4668-BE54-9A1E7A4F7556}") = "Generics", "Generics\Generics.csproj", "{22140B5A-3A82-4C60-A951-3681412794A2}"
EndProject
Project("{9A19103F-16F7-4668-BE54-9A1E7A4F7556}") = "ReadFileUsingFileStream", "09FilesStreamsSerialization\ReadFileUsingFileStream\ReadFileUsingFileStream.csproj", "{BAD7D889-F347-426F-A56C-3BDAB68845A3}"
EndProject
Project("{9A19103F-16F7-4668-BE54-9A1E7A4F7556}") = "ControlarFlujoConvertirTiposManejarExcepciones", "03ControlarFlujoConvertirTiposManejarExcepciones\ControlarFlujoConvertirTiposManejarExcepciones\ControlarFlujoConvertirTiposManejarExcepciones.csproj", "{B7213ECD-90B4-4588-B5B2-222F40723FDE}"
EndProject
Project("{9A19103F-16F7-4668-BE54-9A1E7A4F7556}") = "AnonymousMethods", "AnonymousMethods\AnonymousMethods.csproj", "{EF5E8123-7CB9-49EB-85CD-8B0D4D2EAA29}"
EndProject
Project("{9A19103F-16F7-4668-BE54-9A1E7A4F7556}") = "Delegates", "Delegates\Delegates.csproj", "{FCF4DC78-BB76-4BA2-9548-5475687B5187}"
EndProject
Project("{9A19103F-16F7-4668-BE54-9A1E7A4F7556}") = "AbstractClass", "AbstractClass\AbstractClass.csproj", "{78594913-670F-433C-B394-D044226A17CD}"
EndProject
Project("{9A19103F-16F7-4668-BE54-9A1E7A4F7556}") = "LinqToObjects", "LinqToObjects\LinqToObjects.csproj", "{38B36243-1162-41F2-80CB-3501F3B1153C}"
EndProject
Project("{9A19103F-16F7-4668-BE54-9A1E7A4F7556}") = "Interfaces", "Interfaces\Interfaces.csproj", "{A1BDE913-B4AE-4E32-9BA6-D34A22A7CA3D}"
EndProject
Project("{9A19103F-16F7-4668-BE54-9A1E7A4F7556}") = "Generics02", "Generics02\Generics02.csproj", "{64A283CE-DE9F-4E90-A33C-85534A761CB2}"
EndProject
Project("{2150E333-8FDC-42A3-9474-1A3956D46DE8}") = "07. Generics", "07. Generics", "{10A60CAB-16C8-45C8-82C7-AF1E9F10B5D1}"
EndProject
Project("{9A19103F-16F7-4668-BE54-9A1E7A4F7556}") = "StaticClassAndConstructors", "StaticClassAndConstructors\StaticClassAndConstructors.csproj", "{CDBDC129-013C-4338-AE00-895CC64A79E1}"
EndProject
Project("{2150E333-8FDC-42A3-9474-1A3956D46DE8}") = "02. Data Types", "02. Data Types", "{648DC776-DC31-4BDC-B298-71D514AC7CC8}"
EndProject
Project("{9A19103F-16F7-4668-BE54-9A1E7A4F7556}") = "EventsExample", "EventsExample\EventsExample.csproj", "{81E7A889-8B7C-41E8-ACBD-BFFF90A2A291}"
EndProject
Project("{2150E333-8FDC-42A3-9474-1A3956D46DE8}") = "09. Events", "09. Events", "{2D548321-67A8-4647-A837-022CAE48C12B}"
EndProject
Project("{9A19103F-16F7-4668-BE54-9A1E7A4F7556}") = "EventHandlerExample", "EventHandlerExample\EventHandlerExample.csproj", "{7E9566FB-0333-4246-807E-137FFCD0C210}"
EndProject
Project("{9A19103F-16F7-4668-BE54-9A1E7A4F7556}") = "EventHandlerPassingValuesExample", "EventHandlerPassingValuesExample\EventHandlerPassingValuesExample.csproj", "{1106A3D5-D8D0-4420-A7CE-524F63BC2449}"
EndProject
Project("{FAE04EC0-301F-11D3-BF4B-00C04F79EFBC}") = "WindowsFormsExample", "WindowsFormsExample\WindowsFormsExample.csproj", "{58D95089-51F2-4B03-A348-DA53D6A68E04}"
EndProject
Project("{2150E333-8FDC-42A3-9474-1A3956D46DE8}") = "10. EventHandler", "10. EventHandler", "{812190EE-EF80-43A6-A242-D2EBF59CF3BE}"
EndProject
Project("{2150E333-8FDC-42A3-9474-1A3956D46DE8}") = "11. Event Handler Passing Data", "11. Event Handler Passing Data", "{7D6C0920-E52A-4795-AC9F-86DE08549674}"
EndProject
Project("{9A19103F-16F7-4668-BE54-9A1E7A4F7556}") = "LambdaExpressions", "ConsoleApp1\LambdaExpressions.csproj", "{7334715C-AF4A-40A7-A6D0-2D50E94E9B3F}"
EndProject
Project("{9A19103F-16F7-4668-BE54-9A1E7A4F7556}") = "ArraysExample", "ArraysExample\ArraysExample.csproj", "{A40D2765-F724-4DEA-8F4C-7491FBA2AAC6}"
EndProject
Project("{2150E333-8FDC-42A3-9474-1A3956D46DE8}") = "15. Built-in delegates", "15. Built-in delegates", "{6259A864-D7B4-4525-8C99-2E3A2C615504}"
EndProject
Project("{9A19103F-16F7-4668-BE54-9A1E7A4F7556}") = "BuiltinDelegates", "BuiltinDelegates\BuiltinDelegates.csproj", "{64207928-E717-4F64-BF8F-44F523A29B37}"
EndProject
Project("{2150E333-8FDC-42A3-9474-1A3956D46DE8}") = "14. Extension Methods", "14. Extension Methods", "{6D9722D1-FCDE-4358-870C-DE88268B4248}"
EndProject
Project("{9A19103F-16F7-4668-BE54-9A1E7A4F7556}") = "ExtensionMethods", "ExtensionMethods\ExtensionMethods.csproj", "{43E37F31-16B3-40FA-A2D5-D4ADE8CE4F6C}"
EndProject
Project("{2150E333-8FDC-42A3-9474-1A3956D46DE8}") = "20. Async Programming", "20. Async Programming", "{C5CD4FC2-B111-46D8-A392-A6B0E320E34E}"
EndProject
Project("{9A19103F-16F7-4668-BE54-9A1E7A4F7556}") = "AsyncProgramming", "AsyncProgramming\AsyncProgramming.csproj", "{16176795-0F64-4789-AA17-C71032C86311}"
EndProject
Project("{2150E333-8FDC-42A3-9474-1A3956D46DE8}") = "21. Unit Tests", "21. Unit Tests", "{354D690B-928A-4D44-AF4E-EFA75206EEC0}"
EndProject
Project("{2150E333-8FDC-42A3-9474-1A3956D46DE8}") = "Utilities", "Utilities", "{32F1DA7C-2374-4B78-AD83-304FEAD16A8E}"
EndProject
Project("{9A19103F-16F7-4668-BE54-9A1E7A4F7556}") = "Utilities", "Utilities\Utilities.csproj", "{4CEC9042-B2CC-4C48-B4C8-2801F3DDAE2E}"
EndProject
Project("{9A19103F-16F7-4668-BE54-9A1E7A4F7556}") = "CalculatorTests", "CalculatorTests\CalculatorTests.csproj", "{FB8E0D51-E4FF-481D-8E2B-47B8A22D902C}"
EndProject
Project("{2150E333-8FDC-42A3-9474-1A3956D46DE8}") = "Uso de Calculator", "Uso de Calculator", "{0E8AA070-99B8-43E0-A5E7-49C75A0B7F83}"
EndProject
Project("{9A19103F-16F7-4668-BE54-9A1E7A4F7556}") = "CalculatorHandle", "CalculatorHandle\CalculatorHandle.csproj", "{38B1745A-7D5E-47DF-8ECC-7AD3541E3863}"
EndProject
Project("{2150E333-8FDC-42A3-9474-1A3956D46DE8}") = "05. Abstract Class", "05. Abstract Class", "{D7AF8BB0-3CC2-4C20-A194-BCAA03283571}"
EndProject
Project("{2150E333-8FDC-42A3-9474-1A3956D46DE8}") = "13. Anonymous Methods", "13. Anonymous Methods", "{DC468ECC-3AC4-446E-ADC1-8897E7A84BE2}"
EndProject
Project("{2150E333-8FDC-42A3-9474-1A3956D46DE8}") = "03. Reference This", "03. Reference This", "{6B88A496-2F96-4D2E-AF7F-AD0020D55BB9}"
EndProject
Project("{2150E333-8FDC-42A3-9474-1A3956D46DE8}") = "Adicionales", "Adicionales", "{14E0A3B8-93DB-4053-9494-93DD30DDF08A}"
EndProject
Project("{2150E333-8FDC-42A3-9474-1A3956D46DE8}") = "17. Arrays", "17. Arrays", "{5703E5C3-9785-4B2A-B2F3-E92FD9D357BE}"
EndProject
Project("{2150E333-8FDC-42A3-9474-1A3956D46DE8}") = "16. Linq to Objects", "16. Linq to Objects", "{7AD82952-183A-40AD-985C-F355170DE7EE}"
EndProject
Project("{2150E333-8FDC-42A3-9474-1A3956D46DE8}") = "19. Streams", "19. Streams", "{219FB5E3-35DD-49D6-B40B-648B1D359359}"
EndProject
Project("{2150E333-8FDC-42A3-9474-1A3956D46DE8}") = "08. Delegates", "08. Delegates", "{70262DDB-D8CF-454B-9ACA-AB53DE0AA102}"
EndProject
Project("{2150E333-8FDC-42A3-9474-1A3956D46DE8}") = "18. Flujos Tipos Excepciones", "18. Flujos Tipos Excepciones", "{02CE9FF1-ECCF-4149-961D-F813C72F5B03}"
EndProject
Project("{2150E333-8FDC-42A3-9474-1A3956D46DE8}") = "01. Class", "01. Class", "{D5EDC82D-5D47-4E7F-8BB8-3DB415D9C412}"
EndProject
Project("{2150E333-8FDC-42A3-9474-1A3956D46DE8}") = "06. Interfaces", "06. Interfaces", "{4E2D1CC0-6D6D-49F3-9BFA-619C82FE3ED4}"
EndProject
Project("{2150E333-8FDC-42A3-9474-1A3956D46DE8}") = "04. Static Class", "04. Static Class", "{390869EE-C659-4BC9-BAF4-90617FCF8B0C}"
EndProject
Project("{2150E333-8FDC-42A3-9474-1A3956D46DE8}") = "12. Events in Windows Forms", "12. Events in Windows Forms", "{CCC9A5EE-906B-4C5C-951B-44BAF666F773}"
EndProject
Global
	GlobalSection(SolutionConfigurationPlatforms) = preSolution
		Debug|Any CPU = Debug|Any CPU
		Release|Any CPU = Release|Any CPU
	EndGlobalSection
	GlobalSection(ProjectConfigurationPlatforms) = postSolution
		{B18D04CB-7F24-4900-8582-EB188AE954E3}.Debug|Any CPU.ActiveCfg = Debug|Any CPU
		{B18D04CB-7F24-4900-8582-EB188AE954E3}.Debug|Any CPU.Build.0 = Debug|Any CPU
		{B18D04CB-7F24-4900-8582-EB188AE954E3}.Release|Any CPU.ActiveCfg = Release|Any CPU
		{B18D04CB-7F24-4900-8582-EB188AE954E3}.Release|Any CPU.Build.0 = Release|Any CPU
		{87EE0068-CEAA-4F02-A0DB-5FC9665CF8BB}.Debug|Any CPU.ActiveCfg = Debug|Any CPU
		{87EE0068-CEAA-4F02-A0DB-5FC9665CF8BB}.Debug|Any CPU.Build.0 = Debug|Any CPU
		{87EE0068-CEAA-4F02-A0DB-5FC9665CF8BB}.Release|Any CPU.ActiveCfg = Release|Any CPU
		{87EE0068-CEAA-4F02-A0DB-5FC9665CF8BB}.Release|Any CPU.Build.0 = Release|Any CPU
		{56AA3D83-EE89-4509-B29C-5E1DD8577069}.Debug|Any CPU.ActiveCfg = Debug|Any CPU
		{56AA3D83-EE89-4509-B29C-5E1DD8577069}.Debug|Any CPU.Build.0 = Debug|Any CPU
		{56AA3D83-EE89-4509-B29C-5E1DD8577069}.Release|Any CPU.ActiveCfg = Release|Any CPU
		{56AA3D83-EE89-4509-B29C-5E1DD8577069}.Release|Any CPU.Build.0 = Release|Any CPU
		{22140B5A-3A82-4C60-A951-3681412794A2}.Debug|Any CPU.ActiveCfg = Debug|Any CPU
		{22140B5A-3A82-4C60-A951-3681412794A2}.Debug|Any CPU.Build.0 = Debug|Any CPU
		{22140B5A-3A82-4C60-A951-3681412794A2}.Release|Any CPU.ActiveCfg = Release|Any CPU
		{22140B5A-3A82-4C60-A951-3681412794A2}.Release|Any CPU.Build.0 = Release|Any CPU
		{BAD7D889-F347-426F-A56C-3BDAB68845A3}.Debug|Any CPU.ActiveCfg = Debug|Any CPU
		{BAD7D889-F347-426F-A56C-3BDAB68845A3}.Debug|Any CPU.Build.0 = Debug|Any CPU
		{BAD7D889-F347-426F-A56C-3BDAB68845A3}.Release|Any CPU.ActiveCfg = Release|Any CPU
		{BAD7D889-F347-426F-A56C-3BDAB68845A3}.Release|Any CPU.Build.0 = Release|Any CPU
		{B7213ECD-90B4-4588-B5B2-222F40723FDE}.Debug|Any CPU.ActiveCfg = Debug|Any CPU
		{B7213ECD-90B4-4588-B5B2-222F40723FDE}.Debug|Any CPU.Build.0 = Debug|Any CPU
		{B7213ECD-90B4-4588-B5B2-222F40723FDE}.Release|Any CPU.ActiveCfg = Release|Any CPU
		{B7213ECD-90B4-4588-B5B2-222F40723FDE}.Release|Any CPU.Build.0 = Release|Any CPU
		{EF5E8123-7CB9-49EB-85CD-8B0D4D2EAA29}.Debug|Any CPU.ActiveCfg = Debug|Any CPU
		{EF5E8123-7CB9-49EB-85CD-8B0D4D2EAA29}.Debug|Any CPU.Build.0 = Debug|Any CPU
		{EF5E8123-7CB9-49EB-85CD-8B0D4D2EAA29}.Release|Any CPU.ActiveCfg = Release|Any CPU
		{EF5E8123-7CB9-49EB-85CD-8B0D4D2EAA29}.Release|Any CPU.Build.0 = Release|Any CPU
		{FCF4DC78-BB76-4BA2-9548-5475687B5187}.Debug|Any CPU.ActiveCfg = Debug|Any CPU
		{FCF4DC78-BB76-4BA2-9548-5475687B5187}.Debug|Any CPU.Build.0 = Debug|Any CPU
		{FCF4DC78-BB76-4BA2-9548-5475687B5187}.Release|Any CPU.ActiveCfg = Release|Any CPU
		{FCF4DC78-BB76-4BA2-9548-5475687B5187}.Release|Any CPU.Build.0 = Release|Any CPU
		{78594913-670F-433C-B394-D044226A17CD}.Debug|Any CPU.ActiveCfg = Debug|Any CPU
		{78594913-670F-433C-B394-D044226A17CD}.Debug|Any CPU.Build.0 = Debug|Any CPU
		{78594913-670F-433C-B394-D044226A17CD}.Release|Any CPU.ActiveCfg = Release|Any CPU
		{78594913-670F-433C-B394-D044226A17CD}.Release|Any CPU.Build.0 = Release|Any CPU
		{38B36243-1162-41F2-80CB-3501F3B1153C}.Debug|Any CPU.ActiveCfg = Debug|Any CPU
		{38B36243-1162-41F2-80CB-3501F3B1153C}.Debug|Any CPU.Build.0 = Debug|Any CPU
		{38B36243-1162-41F2-80CB-3501F3B1153C}.Release|Any CPU.ActiveCfg = Release|Any CPU
		{38B36243-1162-41F2-80CB-3501F3B1153C}.Release|Any CPU.Build.0 = Release|Any CPU
		{A1BDE913-B4AE-4E32-9BA6-D34A22A7CA3D}.Debug|Any CPU.ActiveCfg = Debug|Any CPU
		{A1BDE913-B4AE-4E32-9BA6-D34A22A7CA3D}.Debug|Any CPU.Build.0 = Debug|Any CPU
		{A1BDE913-B4AE-4E32-9BA6-D34A22A7CA3D}.Release|Any CPU.ActiveCfg = Release|Any CPU
		{A1BDE913-B4AE-4E32-9BA6-D34A22A7CA3D}.Release|Any CPU.Build.0 = Release|Any CPU
		{64A283CE-DE9F-4E90-A33C-85534A761CB2}.Debug|Any CPU.ActiveCfg = Debug|Any CPU
		{64A283CE-DE9F-4E90-A33C-85534A761CB2}.Debug|Any CPU.Build.0 = Debug|Any CPU
		{64A283CE-DE9F-4E90-A33C-85534A761CB2}.Release|Any CPU.ActiveCfg = Release|Any CPU
		{64A283CE-DE9F-4E90-A33C-85534A761CB2}.Release|Any CPU.Build.0 = Release|Any CPU
		{CDBDC129-013C-4338-AE00-895CC64A79E1}.Debug|Any CPU.ActiveCfg = Debug|Any CPU
		{CDBDC129-013C-4338-AE00-895CC64A79E1}.Debug|Any CPU.Build.0 = Debug|Any CPU
		{CDBDC129-013C-4338-AE00-895CC64A79E1}.Release|Any CPU.ActiveCfg = Release|Any CPU
		{CDBDC129-013C-4338-AE00-895CC64A79E1}.Release|Any CPU.Build.0 = Release|Any CPU
		{81E7A889-8B7C-41E8-ACBD-BFFF90A2A291}.Debug|Any CPU.ActiveCfg = Debug|Any CPU
		{81E7A889-8B7C-41E8-ACBD-BFFF90A2A291}.Debug|Any CPU.Build.0 = Debug|Any CPU
		{81E7A889-8B7C-41E8-ACBD-BFFF90A2A291}.Release|Any CPU.ActiveCfg = Release|Any CPU
		{81E7A889-8B7C-41E8-ACBD-BFFF90A2A291}.Release|Any CPU.Build.0 = Release|Any CPU
		{7E9566FB-0333-4246-807E-137FFCD0C210}.Debug|Any CPU.ActiveCfg = Debug|Any CPU
		{7E9566FB-0333-4246-807E-137FFCD0C210}.Debug|Any CPU.Build.0 = Debug|Any CPU
		{7E9566FB-0333-4246-807E-137FFCD0C210}.Release|Any CPU.ActiveCfg = Release|Any CPU
		{7E9566FB-0333-4246-807E-137FFCD0C210}.Release|Any CPU.Build.0 = Release|Any CPU
		{1106A3D5-D8D0-4420-A7CE-524F63BC2449}.Debug|Any CPU.ActiveCfg = Debug|Any CPU
		{1106A3D5-D8D0-4420-A7CE-524F63BC2449}.Debug|Any CPU.Build.0 = Debug|Any CPU
		{1106A3D5-D8D0-4420-A7CE-524F63BC2449}.Release|Any CPU.ActiveCfg = Release|Any CPU
		{1106A3D5-D8D0-4420-A7CE-524F63BC2449}.Release|Any CPU.Build.0 = Release|Any CPU
		{58D95089-51F2-4B03-A348-DA53D6A68E04}.Debug|Any CPU.ActiveCfg = Debug|Any CPU
		{58D95089-51F2-4B03-A348-DA53D6A68E04}.Debug|Any CPU.Build.0 = Debug|Any CPU
		{58D95089-51F2-4B03-A348-DA53D6A68E04}.Release|Any CPU.ActiveCfg = Release|Any CPU
		{58D95089-51F2-4B03-A348-DA53D6A68E04}.Release|Any CPU.Build.0 = Release|Any CPU
		{7334715C-AF4A-40A7-A6D0-2D50E94E9B3F}.Debug|Any CPU.ActiveCfg = Debug|Any CPU
		{7334715C-AF4A-40A7-A6D0-2D50E94E9B3F}.Debug|Any CPU.Build.0 = Debug|Any CPU
		{7334715C-AF4A-40A7-A6D0-2D50E94E9B3F}.Release|Any CPU.ActiveCfg = Release|Any CPU
		{7334715C-AF4A-40A7-A6D0-2D50E94E9B3F}.Release|Any CPU.Build.0 = Release|Any CPU
		{A40D2765-F724-4DEA-8F4C-7491FBA2AAC6}.Debug|Any CPU.ActiveCfg = Debug|Any CPU
		{A40D2765-F724-4DEA-8F4C-7491FBA2AAC6}.Debug|Any CPU.Build.0 = Debug|Any CPU
		{A40D2765-F724-4DEA-8F4C-7491FBA2AAC6}.Release|Any CPU.ActiveCfg = Release|Any CPU
		{A40D2765-F724-4DEA-8F4C-7491FBA2AAC6}.Release|Any CPU.Build.0 = Release|Any CPU
		{64207928-E717-4F64-BF8F-44F523A29B37}.Debug|Any CPU.ActiveCfg = Debug|Any CPU
		{64207928-E717-4F64-BF8F-44F523A29B37}.Debug|Any CPU.Build.0 = Debug|Any CPU
		{64207928-E717-4F64-BF8F-44F523A29B37}.Release|Any CPU.ActiveCfg = Release|Any CPU
		{64207928-E717-4F64-BF8F-44F523A29B37}.Release|Any CPU.Build.0 = Release|Any CPU
		{43E37F31-16B3-40FA-A2D5-D4ADE8CE4F6C}.Debug|Any CPU.ActiveCfg = Debug|Any CPU
		{43E37F31-16B3-40FA-A2D5-D4ADE8CE4F6C}.Debug|Any CPU.Build.0 = Debug|Any CPU
		{43E37F31-16B3-40FA-A2D5-D4ADE8CE4F6C}.Release|Any CPU.ActiveCfg = Release|Any CPU
		{43E37F31-16B3-40FA-A2D5-D4ADE8CE4F6C}.Release|Any CPU.Build.0 = Release|Any CPU
		{16176795-0F64-4789-AA17-C71032C86311}.Debug|Any CPU.ActiveCfg = Debug|Any CPU
		{16176795-0F64-4789-AA17-C71032C86311}.Debug|Any CPU.Build.0 = Debug|Any CPU
		{16176795-0F64-4789-AA17-C71032C86311}.Release|Any CPU.ActiveCfg = Release|Any CPU
		{16176795-0F64-4789-AA17-C71032C86311}.Release|Any CPU.Build.0 = Release|Any CPU
		{4CEC9042-B2CC-4C48-B4C8-2801F3DDAE2E}.Debug|Any CPU.ActiveCfg = Debug|Any CPU
		{4CEC9042-B2CC-4C48-B4C8-2801F3DDAE2E}.Debug|Any CPU.Build.0 = Debug|Any CPU
		{4CEC9042-B2CC-4C48-B4C8-2801F3DDAE2E}.Release|Any CPU.ActiveCfg = Release|Any CPU
		{4CEC9042-B2CC-4C48-B4C8-2801F3DDAE2E}.Release|Any CPU.Build.0 = Release|Any CPU
		{FB8E0D51-E4FF-481D-8E2B-47B8A22D902C}.Debug|Any CPU.ActiveCfg = Debug|Any CPU
		{FB8E0D51-E4FF-481D-8E2B-47B8A22D902C}.Debug|Any CPU.Build.0 = Debug|Any CPU
		{FB8E0D51-E4FF-481D-8E2B-47B8A22D902C}.Release|Any CPU.ActiveCfg = Release|Any CPU
		{FB8E0D51-E4FF-481D-8E2B-47B8A22D902C}.Release|Any CPU.Build.0 = Release|Any CPU
		{38B1745A-7D5E-47DF-8ECC-7AD3541E3863}.Debug|Any CPU.ActiveCfg = Debug|Any CPU
		{38B1745A-7D5E-47DF-8ECC-7AD3541E3863}.Debug|Any CPU.Build.0 = Debug|Any CPU
		{38B1745A-7D5E-47DF-8ECC-7AD3541E3863}.Release|Any CPU.ActiveCfg = Release|Any CPU
		{38B1745A-7D5E-47DF-8ECC-7AD3541E3863}.Release|Any CPU.Build.0 = Release|Any CPU
	EndGlobalSection
	GlobalSection(SolutionProperties) = preSolution
		HideSolutionNode = FALSE
	EndGlobalSection
	GlobalSection(NestedProjects) = preSolution
		{B18D04CB-7F24-4900-8582-EB188AE954E3} = {D5EDC82D-5D47-4E7F-8BB8-3DB415D9C412}
		{87EE0068-CEAA-4F02-A0DB-5FC9665CF8BB} = {648DC776-DC31-4BDC-B298-71D514AC7CC8}
		{56AA3D83-EE89-4509-B29C-5E1DD8577069} = {6B88A496-2F96-4D2E-AF7F-AD0020D55BB9}
		{22140B5A-3A82-4C60-A951-3681412794A2} = {10A60CAB-16C8-45C8-82C7-AF1E9F10B5D1}
		{BAD7D889-F347-426F-A56C-3BDAB68845A3} = {219FB5E3-35DD-49D6-B40B-648B1D359359}
		{B7213ECD-90B4-4588-B5B2-222F40723FDE} = {02CE9FF1-ECCF-4149-961D-F813C72F5B03}
		{EF5E8123-7CB9-49EB-85CD-8B0D4D2EAA29} = {DC468ECC-3AC4-446E-ADC1-8897E7A84BE2}
		{FCF4DC78-BB76-4BA2-9548-5475687B5187} = {70262DDB-D8CF-454B-9ACA-AB53DE0AA102}
		{78594913-670F-433C-B394-D044226A17CD} = {D7AF8BB0-3CC2-4C20-A194-BCAA03283571}
		{38B36243-1162-41F2-80CB-3501F3B1153C} = {7AD82952-183A-40AD-985C-F355170DE7EE}
		{A1BDE913-B4AE-4E32-9BA6-D34A22A7CA3D} = {4E2D1CC0-6D6D-49F3-9BFA-619C82FE3ED4}
		{64A283CE-DE9F-4E90-A33C-85534A761CB2} = {10A60CAB-16C8-45C8-82C7-AF1E9F10B5D1}
		{CDBDC129-013C-4338-AE00-895CC64A79E1} = {390869EE-C659-4BC9-BAF4-90617FCF8B0C}
		{81E7A889-8B7C-41E8-ACBD-BFFF90A2A291} = {2D548321-67A8-4647-A837-022CAE48C12B}
		{7E9566FB-0333-4246-807E-137FFCD0C210} = {812190EE-EF80-43A6-A242-D2EBF59CF3BE}
		{1106A3D5-D8D0-4420-A7CE-524F63BC2449} = {7D6C0920-E52A-4795-AC9F-86DE08549674}
		{58D95089-51F2-4B03-A348-DA53D6A68E04} = {CCC9A5EE-906B-4C5C-951B-44BAF666F773}
		{7334715C-AF4A-40A7-A6D0-2D50E94E9B3F} = {14E0A3B8-93DB-4053-9494-93DD30DDF08A}
		{A40D2765-F724-4DEA-8F4C-7491FBA2AAC6} = {5703E5C3-9785-4B2A-B2F3-E92FD9D357BE}
		{64207928-E717-4F64-BF8F-44F523A29B37} = {6259A864-D7B4-4525-8C99-2E3A2C615504}
		{43E37F31-16B3-40FA-A2D5-D4ADE8CE4F6C} = {6D9722D1-FCDE-4358-870C-DE88268B4248}
		{16176795-0F64-4789-AA17-C71032C86311} = {C5CD4FC2-B111-46D8-A392-A6B0E320E34E}
		{32F1DA7C-2374-4B78-AD83-304FEAD16A8E} = {354D690B-928A-4D44-AF4E-EFA75206EEC0}
		{4CEC9042-B2CC-4C48-B4C8-2801F3DDAE2E} = {32F1DA7C-2374-4B78-AD83-304FEAD16A8E}
		{FB8E0D51-E4FF-481D-8E2B-47B8A22D902C} = {354D690B-928A-4D44-AF4E-EFA75206EEC0}
		{0E8AA070-99B8-43E0-A5E7-49C75A0B7F83} = {354D690B-928A-4D44-AF4E-EFA75206EEC0}
		{38B1745A-7D5E-47DF-8ECC-7AD3541E3863} = {0E8AA070-99B8-43E0-A5E7-49C75A0B7F83}
	EndGlobalSection
	GlobalSection(ExtensibilityGlobals) = postSolution
		SolutionGuid = {A4F5AFCB-80C5-48CC-977B-D921BB95BD90}
	EndGlobalSection
EndGlobal
