
Microsoft Visual Studio Solution File, Format Version 12.00
# Visual Studio Version 17
VisualStudioVersion = 17.11.35327.3
MinimumVisualStudioVersion = 10.0.40219.1
Project("{9A19103F-16F7-4668-BE54-9A1E7A4F7556}") = "HolaCsharp", "HolaCsharp\HolaCsharp.csproj", "{B18D04CB-7F24-4900-8582-EB188AE954E3}"
EndProject
Project("{9A19103F-16F7-4668-BE54-9A1E7A4F7556}") = "DataTypes", "DataTypes\DataTypes.csproj", "{87EE0068-CEAA-4F02-A0DB-5FC9665CF8BB}"
EndProject
Project("{9A19103F-16F7-4668-BE54-9A1E7A4F7556}") = "ReferenceThis", "ReferenceThis\ReferenceThis.csproj", "{56AA3D83-EE89-4509-B29C-5E1DD8577069}"
EndProject
Project("{9A19103F-16F7-4668-BE54-9A1E7A4F7556}") = "Generics", "Generics\Generics.csproj", "{22140B5A-3A82-4C60-A951-3681412794A2}"
EndProject
Project("{9A19103F-16F7-4668-BE54-9A1E7A4F7556}") = "ReadFileUsingFileStream", "09FilesStreamsSerialization\ReadFileUsingFileStream\ReadFileUsingFileStream.csproj", "{BAD7D889-F347-426F-A56C-3BDAB68845A3}"
EndProject
Project("{FAE04EC0-301F-11D3-BF4B-00C04F79EFBC}") = "ControlarFlujoConvertirTiposManejarExcepciones", "03ControlarFlujoConvertirTiposManejarExcepciones\ControlarFlujoConvertirTiposManejarExcepciones\ControlarFlujoConvertirTiposManejarExcepciones.csproj", "{B7213ECD-90B4-4588-B5B2-222F40723FDE}"
EndProject
Project("{FAE04EC0-301F-11D3-BF4B-00C04F79EFBC}") = "AnonymousMethods", "AnonymousMethods\AnonymousMethods.csproj", "{EF5E8123-7CB9-49EB-85CD-8B0D4D2EAA29}"
EndProject
Project("{FAE04EC0-301F-11D3-BF4B-00C04F79EFBC}") = "Delegates", "Delegates\Delegates.csproj", "{FCF4DC78-BB76-4BA2-9548-5475687B5187}"
EndProject
Project("{FAE04EC0-301F-11D3-BF4B-00C04F79EFBC}") = "AbstractClass", "AbstractClass\AbstractClass.csproj", "{78594913-670F-433C-B394-D044226A17CD}"
EndProject
Project("{FAE04EC0-301F-11D3-BF4B-00C04F79EFBC}") = "LinqToObjects", "LinqToObjects\LinqToObjects.csproj", "{38B36243-1162-41F2-80CB-3501F3B1153C}"
EndProject
Project("{FAE04EC0-301F-11D3-BF4B-00C04F79EFBC}") = "Interfaces", "Interfaces\Interfaces.csproj", "{A1BDE913-B4AE-4E32-9BA6-D34A22A7CA3D}"
EndProject
Global
	GlobalSection(SolutionConfigurationPlatforms) = preSolution
		Debug|Any CPU = Debug|Any CPU
		Release|Any CPU = Release|Any CPU
	EndGlobalSection
	GlobalSection(ProjectConfigurationPlatforms) = postSolution
		{B18D04CB-7F24-4900-8582-EB188AE954E3}.Debug|Any CPU.ActiveCfg = Debug|Any CPU
		{B18D04CB-7F24-4900-8582-EB188AE954E3}.Debug|Any CPU.Build.0 = Debug|Any CPU
		{B18D04CB-7F24-4900-8582-EB188AE954E3}.Release|Any CPU.ActiveCfg = Release|Any CPU
		{B18D04CB-7F24-4900-8582-EB188AE954E3}.Release|Any CPU.Build.0 = Release|Any CPU
		{87EE0068-CEAA-4F02-A0DB-5FC9665CF8BB}.Debug|Any CPU.ActiveCfg = Debug|Any CPU
		{87EE0068-CEAA-4F02-A0DB-5FC9665CF8BB}.Debug|Any CPU.Build.0 = Debug|Any CPU
		{87EE0068-CEAA-4F02-A0DB-5FC9665CF8BB}.Release|Any CPU.ActiveCfg = Release|Any CPU
		{87EE0068-CEAA-4F02-A0DB-5FC9665CF8BB}.Release|Any CPU.Build.0 = Release|Any CPU
		{56AA3D83-EE89-4509-B29C-5E1DD8577069}.Debug|Any CPU.ActiveCfg = Debug|Any CPU
		{56AA3D83-EE89-4509-B29C-5E1DD8577069}.Debug|Any CPU.Build.0 = Debug|Any CPU
		{56AA3D83-EE89-4509-B29C-5E1DD8577069}.Release|Any CPU.ActiveCfg = Release|Any CPU
		{56AA3D83-EE89-4509-B29C-5E1DD8577069}.Release|Any CPU.Build.0 = Release|Any CPU
		{22140B5A-3A82-4C60-A951-3681412794A2}.Debug|Any CPU.ActiveCfg = Debug|Any CPU
		{22140B5A-3A82-4C60-A951-3681412794A2}.Debug|Any CPU.Build.0 = Debug|Any CPU
		{22140B5A-3A82-4C60-A951-3681412794A2}.Release|Any CPU.ActiveCfg = Release|Any CPU
		{22140B5A-3A82-4C60-A951-3681412794A2}.Release|Any CPU.Build.0 = Release|Any CPU
		{BAD7D889-F347-426F-A56C-3BDAB68845A3}.Debug|Any CPU.ActiveCfg = Debug|Any CPU
		{BAD7D889-F347-426F-A56C-3BDAB68845A3}.Debug|Any CPU.Build.0 = Debug|Any CPU
		{BAD7D889-F347-426F-A56C-3BDAB68845A3}.Release|Any CPU.ActiveCfg = Release|Any CPU
		{BAD7D889-F347-426F-A56C-3BDAB68845A3}.Release|Any CPU.Build.0 = Release|Any CPU
		{B7213ECD-90B4-4588-B5B2-222F40723FDE}.Debug|Any CPU.ActiveCfg = Debug|Any CPU
		{B7213ECD-90B4-4588-B5B2-222F40723FDE}.Debug|Any CPU.Build.0 = Debug|Any CPU
		{B7213ECD-90B4-4588-B5B2-222F40723FDE}.Release|Any CPU.ActiveCfg = Release|Any CPU
		{B7213ECD-90B4-4588-B5B2-222F40723FDE}.Release|Any CPU.Build.0 = Release|Any CPU
		{EF5E8123-7CB9-49EB-85CD-8B0D4D2EAA29}.Debug|Any CPU.ActiveCfg = Debug|Any CPU
		{EF5E8123-7CB9-49EB-85CD-8B0D4D2EAA29}.Debug|Any CPU.Build.0 = Debug|Any CPU
		{EF5E8123-7CB9-49EB-85CD-8B0D4D2EAA29}.Release|Any CPU.ActiveCfg = Release|Any CPU
		{EF5E8123-7CB9-49EB-85CD-8B0D4D2EAA29}.Release|Any CPU.Build.0 = Release|Any CPU
		{FCF4DC78-BB76-4BA2-9548-5475687B5187}.Debug|Any CPU.ActiveCfg = Debug|Any CPU
		{FCF4DC78-BB76-4BA2-9548-5475687B5187}.Debug|Any CPU.Build.0 = Debug|Any CPU
		{FCF4DC78-BB76-4BA2-9548-5475687B5187}.Release|Any CPU.ActiveCfg = Release|Any CPU
		{FCF4DC78-BB76-4BA2-9548-5475687B5187}.Release|Any CPU.Build.0 = Release|Any CPU
		{78594913-670F-433C-B394-D044226A17CD}.Debug|Any CPU.ActiveCfg = Debug|Any CPU
		{78594913-670F-433C-B394-D044226A17CD}.Debug|Any CPU.Build.0 = Debug|Any CPU
		{78594913-670F-433C-B394-D044226A17CD}.Release|Any CPU.ActiveCfg = Release|Any CPU
		{78594913-670F-433C-B394-D044226A17CD}.Release|Any CPU.Build.0 = Release|Any CPU
		{38B36243-1162-41F2-80CB-3501F3B1153C}.Debug|Any CPU.ActiveCfg = Debug|Any CPU
		{38B36243-1162-41F2-80CB-3501F3B1153C}.Debug|Any CPU.Build.0 = Debug|Any CPU
		{38B36243-1162-41F2-80CB-3501F3B1153C}.Release|Any CPU.ActiveCfg = Release|Any CPU
		{38B36243-1162-41F2-80CB-3501F3B1153C}.Release|Any CPU.Build.0 = Release|Any CPU
		{A1BDE913-B4AE-4E32-9BA6-D34A22A7CA3D}.Debug|Any CPU.ActiveCfg = Debug|Any CPU
		{A1BDE913-B4AE-4E32-9BA6-D34A22A7CA3D}.Debug|Any CPU.Build.0 = Debug|Any CPU
		{A1BDE913-B4AE-4E32-9BA6-D34A22A7CA3D}.Release|Any CPU.ActiveCfg = Release|Any CPU
		{A1BDE913-B4AE-4E32-9BA6-D34A22A7CA3D}.Release|Any CPU.Build.0 = Release|Any CPU
	EndGlobalSection
	GlobalSection(SolutionProperties) = preSolution
		HideSolutionNode = FALSE
	EndGlobalSection
	GlobalSection(ExtensibilityGlobals) = postSolution
		SolutionGuid = {A4F5AFCB-80C5-48CC-977B-D921BB95BD90}
	EndGlobalSection
EndGlobal
