
Microsoft Visual Studio Solution File, Format Version 12.00
# Visual Studio Version 17
VisualStudioVersion = 17.11.35327.3
MinimumVisualStudioVersion = 10.0.40219.1
Project("{9A19103F-16F7-4668-BE54-9A1E7A4F7556}") = "HolaCsharp", "HolaCsharp\HolaCsharp.csproj", "{B18D04CB-7F24-4900-8582-EB188AE954E3}"
EndProject
Global
	GlobalSection(SolutionConfigurationPlatforms) = preSolution
		Debug|Any CPU = Debug|Any CPU
		Release|Any CPU = Release|Any CPU
	EndGlobalSection
	GlobalSection(ProjectConfigurationPlatforms) = postSolution
		{B18D04CB-7F24-4900-8582-EB188AE954E3}.Debug|Any CPU.ActiveCfg = Debug|Any CPU
		{B18D04CB-7F24-4900-8582-EB188AE954E3}.Debug|Any CPU.Build.0 = Debug|Any CPU
		{B18D04CB-7F24-4900-8582-EB188AE954E3}.Release|Any CPU.ActiveCfg = Release|Any CPU
		{B18D04CB-7F24-4900-8582-EB188AE954E3}.Release|Any CPU.Build.0 = Release|Any CPU
	EndGlobalSection
	GlobalSection(SolutionProperties) = preSolution
		HideSolutionNode = FALSE
	EndGlobalSection
	GlobalSection(ExtensibilityGlobals) = postSolution
		SolutionGuid = {A4F5AFCB-80C5-48CC-977B-D921BB95BD90}
	EndGlobalSection
EndGlobal
